// !$*UTF8*$!
{
	archiveVersion = 1;
	classes = {
	};
	objectVersion = 50;
	objects = {

/* Begin PBXBuildFile section */
		513730A721B7DE5A00E8D640 /* AppDelegate.swift in Sources */ = {isa = PBXBuildFile; fileRef = 513730A621B7DE5A00E8D640 /* AppDelegate.swift */; };
		513730AC21B7DE5A00E8D640 /* Main.storyboard in Resources */ = {isa = PBXBuildFile; fileRef = 513730AA21B7DE5A00E8D640 /* Main.storyboard */; };
		513730AE21B7DE5C00E8D640 /* Assets.xcassets in Resources */ = {isa = PBXBuildFile; fileRef = 513730AD21B7DE5C00E8D640 /* Assets.xcassets */; };
		513730B121B7DE5C00E8D640 /* LaunchScreen.storyboard in Resources */ = {isa = PBXBuildFile; fileRef = 513730AF21B7DE5C00E8D640 /* LaunchScreen.storyboard */; };
		513730B921B7E18600E8D640 /* TableViewController.swift in Sources */ = {isa = PBXBuildFile; fileRef = 513730B821B7E18600E8D640 /* TableViewController.swift */; };
/* End PBXBuildFile section */

/* Begin PBXFileReference section */
		513730A321B7DE5A00E8D640 /* DispatchGroupExample.app */ = {isa = PBXFileReference; explicitFileType = wrapper.application; includeInIndex = 0; path = DispatchGroupExample.app; sourceTree = BUILT_PRODUCTS_DIR; };
		513730A621B7DE5A00E8D640 /* AppDelegate.swift */ = {isa = PBXFileReference; lastKnownFileType = sourcecode.swift; path = AppDelegate.swift; sourceTree = "<group>"; };
		513730AB21B7DE5A00E8D640 /* Base */ = {isa = PBXFileReference; lastKnownFileType = file.storyboard; name = Base; path = Base.lproj/Main.storyboard; sourceTree = "<group>"; };
		513730AD21B7DE5C00E8D640 /* Assets.xcassets */ = {isa = PBXFileReference; lastKnownFileType = folder.assetcatalog; path = Assets.xcassets; sourceTree = "<group>"; };
		513730B021B7DE5C00E8D640 /* Base */ = {isa = PBXFileReference; lastKnownFileType = file.storyboard; name = Base; path = Base.lproj/LaunchScreen.storyboard; sourceTree = "<group>"; };
		513730B221B7DE5C00E8D640 /* Info.plist */ = {isa = PBXFileReference; lastKnownFileType = text.plist.xml; path = Info.plist; sourceTree = "<group>"; };
		513730B821B7E18600E8D640 /* TableViewController.swift */ = {isa = PBXFileReference; lastKnownFileType = sourcecode.swift; path = TableViewController.swift; sourceTree = "<group>"; };
/* End PBXFileReference section */

/* Begin PBXFrameworksBuildPhase section */
		513730A021B7DE5A00E8D640 /* Frameworks */ = {
			isa = PBXFrameworksBuildPhase;
			buildActionMask = 2147483647;
			files = (
			);
			runOnlyForDeploymentPostprocessing = 0;
		};
/* End PBXFrameworksBuildPhase section */

/* Begin PBXGroup section */
		5137309A21B7DE5A00E8D640 = {
			isa = PBXGroup;
			children = (
				513730A521B7DE5A00E8D640 /* DispatchGroupExample */,
				513730A421B7DE5A00E8D640 /* Products */,
			);
			sourceTree = "<group>";
		};
		513730A421B7DE5A00E8D640 /* Products */ = {
			isa = PBXGroup;
			children = (
				513730A321B7DE5A00E8D640 /* DispatchGroupExample.app */,
			);
			name = Products;
			sourceTree = "<group>";
		};
		513730A521B7DE5A00E8D640 /* DispatchGroupExample */ = {
			isa = PBXGroup;
			children = (
				513730A621B7DE5A00E8D640 /* AppDelegate.swift */,
				513730AA21B7DE5A00E8D640 /* Main.storyboard */,
				513730B821B7E18600E8D640 /* TableViewController.swift */,
				513730AD21B7DE5C00E8D640 /* Assets.xcassets */,
				513730AF21B7DE5C00E8D640 /* LaunchScreen.storyboard */,
				513730B221B7DE5C00E8D640 /* Info.plist */,
			);
			path = DispatchGroupExample;
			sourceTree = "<group>";
		};
/* End PBXGroup section */

/* Begin PBXNativeTarget section */
		513730A221B7DE5A00E8D640 /* DispatchGroupExample */ = {
			isa = PBXNativeTarget;
			buildConfigurationList = 513730B521B7DE5C00E8D640 /* Build configuration list for PBXNativeTarget "DispatchGroupExample" */;
			buildPhases = (
				5137309F21B7DE5A00E8D640 /* Sources */,
				513730A021B7DE5A00E8D640 /* Frameworks */,
				513730A121B7DE5A00E8D640 /* Resources */,
			);
			buildRules = (
			);
			dependencies = (
			);
			name = DispatchGroupExample;
			productName = DispatchGroupExample;
			productReference = 513730A321B7DE5A00E8D640 /* DispatchGroupExample.app */;
			productType = "com.apple.product-type.application";
		};
/* End PBXNativeTarget section */

/* Begin PBXProject section */
		5137309B21B7DE5A00E8D640 /* Project object */ = {
			isa = PBXProject;
			attributes = {
				LastSwiftUpdateCheck = 0940;
				LastUpgradeCheck = 0940;
				ORGANIZATIONNAME = "Alan Casas";
				TargetAttributes = {
					513730A221B7DE5A00E8D640 = {
						CreatedOnToolsVersion = 9.4;
					};
				};
			};
			buildConfigurationList = 5137309E21B7DE5A00E8D640 /* Build configuration list for PBXProject "DispatchGroupExample" */;
			compatibilityVersion = "Xcode 9.3";
			developmentRegion = en;
			hasScannedForEncodings = 0;
			knownRegions = (
				en,
				Base,
			);
			mainGroup = 5137309A21B7DE5A00E8D640;
			productRefGroup = 513730A421B7DE5A00E8D640 /* Products */;
			projectDirPath = "";
			projectRoot = "";
			targets = (
				513730A221B7DE5A00E8D640 /* DispatchGroupExample */,
			);
		};
/* End PBXProject section */

/* Begin PBXResourcesBuildPhase section */
		513730A121B7DE5A00E8D640 /* Resources */ = {
			isa = PBXResourcesBuildPhase;
			buildActionMask = 2147483647;
			files = (
				513730B121B7DE5C00E8D640 /* LaunchScreen.storyboard in Resources */,
				513730AE21B7DE5C00E8D640 /* Assets.xcassets in Resources */,
				513730AC21B7DE5A00E8D640 /* Main.storyboard in Resources */,
			);
			runOnlyForDeploymentPostprocessing = 0;
		};
/* End PBXResourcesBuildPhase section */

/* Begin PBXSourcesBuildPhase section */
		5137309F21B7DE5A00E8D640 /* Sources */ = {
			isa = PBXSourcesBuildPhase;
			buildActionMask = 2147483647;
			files = (
				513730B921B7E18600E8D640 /* TableViewController.swift in Sources */,
				513730A721B7DE5A00E8D640 /* AppDelegate.swift in Sources */,
			);
			runOnlyForDeploymentPostprocessing = 0;
		};
/* End PBXSourcesBuildPhase section */

/* Begin PBXVariantGroup section */
		513730AA21B7DE5A00E8D640 /* Main.storyboard */ = {
			isa = PBXVariantGroup;
			children = (
				513730AB21B7DE5A00E8D640 /* Base */,
			);
			name = Main.storyboard;
			sourceTree = "<group>";
		};
		513730AF21B7DE5C00E8D640 /* LaunchScreen.storyboard */ = {
			isa = PBXVariantGroup;
			children = (
				513730B021B7DE5C00E8D640 /* Base */,
			);
			name = LaunchScreen.storyboard;
			sourceTree = "<group>";
		};
/* End PBXVariantGroup section */

/* Begin XCBuildConfiguration section */
		513730B321B7DE5C00E8D640 /* Debug */ = {
			isa = XCBuildConfiguration;
			buildSettings = {
				ALWAYS_SEARCH_USER_PATHS = NO;
				CLANG_ANALYZER_NONNULL = YES;
				CLANG_ANALYZER_NUMBER_OBJECT_CONVERSION = YES_AGGRESSIVE;
				CLANG_CXX_LANGUAGE_STANDARD = "gnu++14";
				CLANG_CXX_LIBRARY = "libc++";
				CLANG_ENABLE_MODULES = YES;
				CLANG_ENABLE_OBJC_ARC = YES;
				CLANG_ENABLE_OBJC_WEAK = YES;
				CLANG_WARN_BLOCK_CAPTURE_AUTORELEASING = YES;
				CLANG_WARN_BOOL_CONVERSION = YES;
				CLANG_WARN_COMMA = YES;
				CLANG_WARN_CONSTANT_CONVERSION = YES;
				CLANG_WARN_DEPRECATED_OBJC_IMPLEMENTATIONS = YES;
				CLANG_WARN_DIRECT_OBJC_ISA_USAGE = YES_ERROR;
				CLANG_WARN_DOCUMENTATION_COMMENTS = YES;
				CLANG_WARN_EMPTY_BODY = YES;
				CLANG_WARN_ENUM_CONVERSION = YES;
				CLANG_WARN_INFINITE_RECURSION = YES;
				CLANG_WARN_INT_CONVERSION = YES;
				CLANG_WARN_NON_LITERAL_NULL_CONVERSION = YES;
				CLANG_WARN_OBJC_IMPLICIT_RETAIN_SELF = YES;
				CLANG_WARN_OBJC_LITERAL_CONVERSION = YES;
				CLANG_WARN_OBJC_ROOT_CLASS = YES_ERROR;
				CLANG_WARN_RANGE_LOOP_ANALYSIS = YES;
				CLANG_WARN_STRICT_PROTOTYPES = YES;
				CLANG_WARN_SUSPICIOUS_MOVE = YES;
				CLANG_WARN_UNGUARDED_AVAILABILITY = YES_AGGRESSIVE;
				CLANG_WARN_UNREACHABLE_CODE = YES;
				CLANG_WARN__DUPLICATE_METHOD_MATCH = YES;
				CODE_SIGN_IDENTITY = "iPhone Developer";
				COPY_PHASE_STRIP = NO;
				DEBUG_INFORMATION_FORMAT = dwarf;
				ENABLE_STRICT_OBJC_MSGSEND = YES;
				ENABLE_TESTABILITY = YES;
				GCC_C_LANGUAGE_STANDARD = gnu11;
				GCC_DYNAMIC_NO_PIC = NO;
				GCC_NO_COMMON_BLOCKS = YES;
				GCC_OPTIMIZATION_LEVEL = 0;
				GCC_PREPROCESSOR_DEFINITIONS = (
					"DEBUG=1",
					"$(inherited)",
				);
				GCC_WARN_64_TO_32_BIT_CONVERSION = YES;
				GCC_WARN_ABOUT_RETURN_TYPE = YES_ERROR;
				GCC_WARN_UNDECLARED_SELECTOR = YES;
				GCC_WARN_UNINITIALIZED_AUTOS = YES_AGGRESSIVE;
				GCC_WARN_UNUSED_FUNCTION = YES;
				GCC_WARN_UNUSED_VARIABLE = YES;
				IPHONEOS_DEPLOYMENT_TARGET = 11.4;
				MTL_ENABLE_DEBUG_INFO = YES;
				ONLY_ACTIVE_ARCH = YES;
				SDKROOT = iphoneos;
				SWIFT_ACTIVE_COMPILATION_CONDITIONS = DEBUG;
				SWIFT_OPTIMIZATION_LEVEL = "-Onone";
			};
			name = Debug;
		};
		513730B421B7DE5C00E8D640 /* Release */ = {
			isa = XCBuildConfiguration;
			buildSettings = {
				ALWAYS_SEARCH_USER_PATHS = NO;
				CLANG_ANALYZER_NONNULL = YES;
				CLANG_ANALYZER_NUMBER_OBJECT_CONVERSION = YES_AGGRESSIVE;
				CLANG_CXX_LANGUAGE_STANDARD = "gnu++14";
				CLANG_CXX_LIBRARY = "libc++";
				CLANG_ENABLE_MODULES = YES;
				CLANG_ENABLE_OBJC_ARC = YES;
				CLANG_ENABLE_OBJC_WEAK = YES;
				CLANG_WARN_BLOCK_CAPTURE_AUTORELEASING = YES;
				CLANG_WARN_BOOL_CONVERSION = YES;
				CLANG_WARN_COMMA = YES;
				CLANG_WARN_CONSTANT_CONVERSION = YES;
				CLANG_WARN_DEPRECATED_OBJC_IMPLEMENTATIONS = YES;
				CLANG_WARN_DIRECT_OBJC_ISA_USAGE = YES_ERROR;
				CLANG_WARN_DOCUMENTATION_COMMENTS = YES;
				CLANG_WARN_EMPTY_BODY = YES;
				CLANG_WARN_ENUM_CONVERSION = YES;
				CLANG_WARN_INFINITE_RECURSION = YES;
				CLANG_WARN_INT_CONVERSION = YES;
				CLANG_WARN_NON_LITERAL_NULL_CONVERSION = YES;
				CLANG_WARN_OBJC_IMPLICIT_RETAIN_SELF = YES;
				CLANG_WARN_OBJC_LITERAL_CONVERSION = YES;
				CLANG_WARN_OBJC_ROOT_CLASS = YES_ERROR;
				CLANG_WARN_RANGE_LOOP_ANALYSIS = YES;
				CLANG_WARN_STRICT_PROTOTYPES = YES;
				CLANG_WARN_SUSPICIOUS_MOVE = YES;
				CLANG_WARN_UNGUARDED_AVAILABILITY = YES_AGGRESSIVE;
				CLANG_WARN_UNREACHABLE_CODE = YES;
				CLANG_WARN__DUPLICATE_METHOD_MATCH = YES;
				CODE_SIGN_IDENTITY = "iPhone Developer";
				COPY_PHASE_STRIP = NO;
				DEBUG_INFORMATION_FORMAT = "dwarf-with-dsym";
				ENABLE_NS_ASSERTIONS = NO;
				ENABLE_STRICT_OBJC_MSGSEND = YES;
				GCC_C_LANGUAGE_STANDARD = gnu11;
				GCC_NO_COMMON_BLOCKS = YES;
				GCC_WARN_64_TO_32_BIT_CONVERSION = YES;
				GCC_WARN_ABOUT_RETURN_TYPE = YES_ERROR;
				GCC_WARN_UNDECLARED_SELECTOR = YES;
				GCC_WARN_UNINITIALIZED_AUTOS = YES_AGGRESSIVE;
				GCC_WARN_UNUSED_FUNCTION = YES;
				GCC_WARN_UNUSED_VARIABLE = YES;
				IPHONEOS_DEPLOYMENT_TARGET = 11.4;
				MTL_ENABLE_DEBUG_INFO = NO;
				SDKROOT = iphoneos;
				SWIFT_COMPILATION_MODE = wholemodule;
				SWIFT_OPTIMIZATION_LEVEL = "-O";
				VALIDATE_PRODUCT = YES;
			};
			name = Release;
		};
		513730B621B7DE5C00E8D640 /* Debug */ = {
			isa = XCBuildConfiguration;
			buildSettings = {
				ASSETCATALOG_COMPILER_APPICON_NAME = AppIcon;
				CODE_SIGN_STYLE = Automatic;
				DEVELOPMENT_TEAM = 5J2G4846S8;
				INFOPLIST_FILE = DispatchGroupExample/Info.plist;
				LD_RUNPATH_SEARCH_PATHS = (
					"$(inherited)",
					"@executable_path/Frameworks",
				);
				PRODUCT_BUNDLE_IDENTIFIER = "com.alancasasarevalo-gmail.DispatchGroupExample";
				PRODUCT_NAME = "$(TARGET_NAME)";
				SWIFT_VERSION = 4.0;
				TARGETED_DEVICE_FAMILY = "1,2";
			};
			name = Debug;
		};
		513730B721B7DE5C00E8D640 /* Release */ = {
			isa = XCBuildConfiguration;
			buildSettings = {
				ASSETCATALOG_COMPILER_APPICON_NAME = AppIcon;
				CODE_SIGN_STYLE = Automatic;
				DEVELOPMENT_TEAM = 5J2G4846S8;
				INFOPLIST_FILE = DispatchGroupExample/Info.plist;
				LD_RUNPATH_SEARCH_PATHS = (
					"$(inherited)",
					"@executable_path/Frameworks",
				);
				PRODUCT_BUNDLE_IDENTIFIER = "com.alancasasarevalo-gmail.DispatchGroupExample";
				PRODUCT_NAME = "$(TARGET_NAME)";
				SWIFT_VERSION = 4.0;
				TARGETED_DEVICE_FAMILY = "1,2";
			};
			name = Release;
		};
/* End XCBuildConfiguration section */

/* Begin XCConfigurationList section */
		5137309E21B7DE5A00E8D640 /* Build configuration list for PBXProject "DispatchGroupExample" */ = {
			isa = XCConfigurationList;
			buildConfigurations = (
				513730B321B7DE5C00E8D640 /* Debug */,
				513730B421B7DE5C00E8D640 /* Release */,
			);
			defaultConfigurationIsVisible = 0;
			defaultConfigurationName = Release;
		};
		513730B521B7DE5C00E8D640 /* Build configuration list for PBXNativeTarget "DispatchGroupExample" */ = {
			isa = XCConfigurationList;
			buildConfigurations = (
				513730B621B7DE5C00E8D640 /* Debug */,
				513730B721B7DE5C00E8D640 /* Release */,
			);
			defaultConfigurationIsVisible = 0;
			defaultConfigurationName = Release;
		};
/* End XCConfigurationList section */
	};
	rootObject = 5137309B21B7DE5A00E8D640 /* Project object */;
}
